// !$*UTF8*$!
{
	archiveVersion = 1;
	classes = {
	};
	objectVersion = 55;
	objects = {

/* Begin PBXBuildFile section */
		7520F19B281F962200FCE8FB /* avFoundation.swift in Sources */ = {isa = PBXBuildFile; fileRef = 7520F19A281F962200FCE8FB /* avFoundation.swift */; };
		75DE2F83281BBB0400E5EB83 /* AppDelegate.swift in Sources */ = {isa = PBXBuildFile; fileRef = 75DE2F82281BBB0400E5EB83 /* AppDelegate.swift */; };
		75DE2F85281BBB0400E5EB83 /* SceneDelegate.swift in Sources */ = {isa = PBXBuildFile; fileRef = 75DE2F84281BBB0400E5EB83 /* SceneDelegate.swift */; };
		75DE2F87281BBB0400E5EB83 /* ViewController.swift in Sources */ = {isa = PBXBuildFile; fileRef = 75DE2F86281BBB0400E5EB83 /* ViewController.swift */; };
		75DE2F8A281BBB0400E5EB83 /* Main.storyboard in Resources */ = {isa = PBXBuildFile; fileRef = 75DE2F88281BBB0400E5EB83 /* Main.storyboard */; };
		75DE2F8C281BBB0500E5EB83 /* Assets.xcassets in Resources */ = {isa = PBXBuildFile; fileRef = 75DE2F8B281BBB0500E5EB83 /* Assets.xcassets */; };
		75DE2F8F281BBB0500E5EB83 /* LaunchScreen.storyboard in Resources */ = {isa = PBXBuildFile; fileRef = 75DE2F8D281BBB0500E5EB83 /* LaunchScreen.storyboard */; };
		75DE2F9B281BC63800E5EB83 /* SnapKitController.swift in Sources */ = {isa = PBXBuildFile; fileRef = 75DE2F9A281BC63800E5EB83 /* SnapKitController.swift */; };
		A78E159E5A38602B4A4AE022 /* Pods_avFoundation.framework in Frameworks */ = {isa = PBXBuildFile; fileRef = CF17B6371601494F1E0AF749 /* Pods_avFoundation.framework */; };
/* End PBXBuildFile section */

/* Begin PBXFileReference section */
		7520F19A281F962200FCE8FB /* avFoundation.swift */ = {isa = PBXFileReference; lastKnownFileType = sourcecode.swift; path = avFoundation.swift; sourceTree = "<group>"; };
		75DE2F7F281BBB0400E5EB83 /* avFoundation.app */ = {isa = PBXFileReference; explicitFileType = wrapper.application; includeInIndex = 0; path = avFoundation.app; sourceTree = BUILT_PRODUCTS_DIR; };
		75DE2F82281BBB0400E5EB83 /* AppDelegate.swift */ = {isa = PBXFileReference; lastKnownFileType = sourcecode.swift; path = AppDelegate.swift; sourceTree = "<group>"; };
		75DE2F84281BBB0400E5EB83 /* SceneDelegate.swift */ = {isa = PBXFileReference; lastKnownFileType = sourcecode.swift; path = SceneDelegate.swift; sourceTree = "<group>"; };
		75DE2F86281BBB0400E5EB83 /* ViewController.swift */ = {isa = PBXFileReference; lastKnownFileType = sourcecode.swift; path = ViewController.swift; sourceTree = "<group>"; };
		75DE2F89281BBB0400E5EB83 /* Base */ = {isa = PBXFileReference; lastKnownFileType = file.storyboard; name = Base; path = Base.lproj/Main.storyboard; sourceTree = "<group>"; };
		75DE2F8B281BBB0500E5EB83 /* Assets.xcassets */ = {isa = PBXFileReference; lastKnownFileType = folder.assetcatalog; path = Assets.xcassets; sourceTree = "<group>"; };
		75DE2F8E281BBB0500E5EB83 /* Base */ = {isa = PBXFileReference; lastKnownFileType = file.storyboard; name = Base; path = Base.lproj/LaunchScreen.storyboard; sourceTree = "<group>"; };
		75DE2F90281BBB0500E5EB83 /* Info.plist */ = {isa = PBXFileReference; lastKnownFileType = text.plist.xml; path = Info.plist; sourceTree = "<group>"; };
		75DE2F9A281BC63800E5EB83 /* SnapKitController.swift */ = {isa = PBXFileReference; lastKnownFileType = sourcecode.swift; path = SnapKitController.swift; sourceTree = "<group>"; };
		9F91463768197942874505DE /* Pods-avFoundation.debug.xcconfig */ = {isa = PBXFileReference; includeInIndex = 1; lastKnownFileType = text.xcconfig; name = "Pods-avFoundation.debug.xcconfig"; path = "Target Support Files/Pods-avFoundation/Pods-avFoundation.debug.xcconfig"; sourceTree = "<group>"; };
		CF17B6371601494F1E0AF749 /* Pods_avFoundation.framework */ = {isa = PBXFileReference; explicitFileType = wrapper.framework; includeInIndex = 0; path = Pods_avFoundation.framework; sourceTree = BUILT_PRODUCTS_DIR; };
		E8A6C22FB71A28C7CB305133 /* Pods-avFoundation.release.xcconfig */ = {isa = PBXFileReference; includeInIndex = 1; lastKnownFileType = text.xcconfig; name = "Pods-avFoundation.release.xcconfig"; path = "Target Support Files/Pods-avFoundation/Pods-avFoundation.release.xcconfig"; sourceTree = "<group>"; };
/* End PBXFileReference section */

/* Begin PBXFrameworksBuildPhase section */
		75DE2F7C281BBB0400E5EB83 /* Frameworks */ = {
			isa = PBXFrameworksBuildPhase;
			buildActionMask = 2147483647;
			files = (
				A78E159E5A38602B4A4AE022 /* Pods_avFoundation.framework in Frameworks */,
			);
			runOnlyForDeploymentPostprocessing = 0;
		};
/* End PBXFrameworksBuildPhase section */

/* Begin PBXGroup section */
		03F12852E127A15E1BD1776B /* Pods */ = {
			isa = PBXGroup;
			children = (
				9F91463768197942874505DE /* Pods-avFoundation.debug.xcconfig */,
				E8A6C22FB71A28C7CB305133 /* Pods-avFoundation.release.xcconfig */,
			);
			path = Pods;
			sourceTree = "<group>";
		};
		7520F19C281F9EE700FCE8FB /* Extension */ = {
			isa = PBXGroup;
			children = (
				75DE2F9A281BC63800E5EB83 /* SnapKitController.swift */,
				75DE2F86281BBB0400E5EB83 /* ViewController.swift */,
			);
			path = Extension;
			sourceTree = "<group>";
		};
		75DE2F76281BBB0400E5EB83 = {
			isa = PBXGroup;
			children = (
				75DE2F81281BBB0400E5EB83 /* avFoundation */,
				75DE2F80281BBB0400E5EB83 /* Products */,
				03F12852E127A15E1BD1776B /* Pods */,
				C81BFED669B30EACA2C076B4 /* Frameworks */,
			);
			sourceTree = "<group>";
		};
		75DE2F80281BBB0400E5EB83 /* Products */ = {
			isa = PBXGroup;
			children = (
				75DE2F7F281BBB0400E5EB83 /* avFoundation.app */,
			);
			name = Products;
			sourceTree = "<group>";
		};
		75DE2F81281BBB0400E5EB83 /* avFoundation */ = {
			isa = PBXGroup;
			children = (
				7520F19C281F9EE700FCE8FB /* Extension */,
				75DE2F99281BBB1F00E5EB83 /* ViewModel */,
				75DE2F97281BBB1500E5EB83 /* Model */,
				75DE2F96281BBB0F00E5EB83 /* View */,
				75DE2F82281BBB0400E5EB83 /* AppDelegate.swift */,
				75DE2F84281BBB0400E5EB83 /* SceneDelegate.swift */,
				75DE2F88281BBB0400E5EB83 /* Main.storyboard */,
				75DE2F8B281BBB0500E5EB83 /* Assets.xcassets */,
				75DE2F8D281BBB0500E5EB83 /* LaunchScreen.storyboard */,
				75DE2F90281BBB0500E5EB83 /* Info.plist */,
			);
			path = avFoundation;
			sourceTree = "<group>";
		};
		75DE2F96281BBB0F00E5EB83 /* View */ = {
			isa = PBXGroup;
			children = (
			);
			path = View;
			sourceTree = "<group>";
		};
		75DE2F97281BBB1500E5EB83 /* Model */ = {
			isa = PBXGroup;
			children = (
			);
			path = Model;
			sourceTree = "<group>";
		};
		75DE2F99281BBB1F00E5EB83 /* ViewModel */ = {
			isa = PBXGroup;
			children = (
				7520F19A281F962200FCE8FB /* avFoundation.swift */,
			);
			path = ViewModel;
			sourceTree = "<group>";
		};
		C81BFED669B30EACA2C076B4 /* Frameworks */ = {
			isa = PBXGroup;
			children = (
				CF17B6371601494F1E0AF749 /* Pods_avFoundation.framework */,
			);
			name = Frameworks;
			sourceTree = "<group>";
		};
/* End PBXGroup section */

/* Begin PBXNativeTarget section */
		75DE2F7E281BBB0400E5EB83 /* avFoundation */ = {
			isa = PBXNativeTarget;
			buildConfigurationList = 75DE2F93281BBB0500E5EB83 /* Build configuration list for PBXNativeTarget "avFoundation" */;
			buildPhases = (
				39BEDED4A87552CD5410B8AC /* [CP] Check Pods Manifest.lock */,
				75DE2F7B281BBB0400E5EB83 /* Sources */,
				75DE2F7C281BBB0400E5EB83 /* Frameworks */,
				75DE2F7D281BBB0400E5EB83 /* Resources */,
				1A51F7C24FB0F59E3011ABFA /* [CP] Embed Pods Frameworks */,
			);
			buildRules = (
			);
			dependencies = (
			);
			name = avFoundation;
			productName = avFoundation;
			productReference = 75DE2F7F281BBB0400E5EB83 /* avFoundation.app */;
			productType = "com.apple.product-type.application";
		};
/* End PBXNativeTarget section */

/* Begin PBXProject section */
		75DE2F77281BBB0400E5EB83 /* Project object */ = {
			isa = PBXProject;
			attributes = {
				BuildIndependentTargetsInParallel = 1;
				LastSwiftUpdateCheck = 1330;
				LastUpgradeCheck = 1330;
				TargetAttributes = {
					75DE2F7E281BBB0400E5EB83 = {
						CreatedOnToolsVersion = 13.3.1;
					};
				};
			};
			buildConfigurationList = 75DE2F7A281BBB0400E5EB83 /* Build configuration list for PBXProject "avFoundation" */;
			compatibilityVersion = "Xcode 13.0";
			developmentRegion = en;
			hasScannedForEncodings = 0;
			knownRegions = (
				en,
				Base,
			);
			mainGroup = 75DE2F76281BBB0400E5EB83;
			productRefGroup = 75DE2F80281BBB0400E5EB83 /* Products */;
			projectDirPath = "";
			projectRoot = "";
			targets = (
				75DE2F7E281BBB0400E5EB83 /* avFoundation */,
			);
		};
/* End PBXProject section */

/* Begin PBXResourcesBuildPhase section */
		75DE2F7D281BBB0400E5EB83 /* Resources */ = {
			isa = PBXResourcesBuildPhase;
			buildActionMask = 2147483647;
			files = (
				75DE2F8F281BBB0500E5EB83 /* LaunchScreen.storyboard in Resources */,
				75DE2F8C281BBB0500E5EB83 /* Assets.xcassets in Resources */,
				75DE2F8A281BBB0400E5EB83 /* Main.storyboard in Resources */,
			);
			runOnlyForDeploymentPostprocessing = 0;
		};
/* End PBXResourcesBuildPhase section */

/* Begin PBXShellScriptBuildPhase section */
		1A51F7C24FB0F59E3011ABFA /* [CP] Embed Pods Frameworks */ = {
			isa = PBXShellScriptBuildPhase;
			buildActionMask = 2147483647;
			files = (
			);
			inputFileListPaths = (
				"${PODS_ROOT}/Target Support Files/Pods-avFoundation/Pods-avFoundation-frameworks-${CONFIGURATION}-input-files.xcfilelist",
			);
			name = "[CP] Embed Pods Frameworks";
			outputFileListPaths = (
				"${PODS_ROOT}/Target Support Files/Pods-avFoundation/Pods-avFoundation-frameworks-${CONFIGURATION}-output-files.xcfilelist",
			);
			runOnlyForDeploymentPostprocessing = 0;
			shellPath = /bin/sh;
			shellScript = "\"${PODS_ROOT}/Target Support Files/Pods-avFoundation/Pods-avFoundation-frameworks.sh\"\n";
			showEnvVarsInLog = 0;
		};
		39BEDED4A87552CD5410B8AC /* [CP] Check Pods Manifest.lock */ = {
			isa = PBXShellScriptBuildPhase;
			buildActionMask = 2147483647;
			files = (
			);
			inputFileListPaths = (
			);
			inputPaths = (
				"${PODS_PODFILE_DIR_PATH}/Podfile.lock",
				"${PODS_ROOT}/Manifest.lock",
			);
			name = "[CP] Check Pods Manifest.lock";
			outputFileListPaths = (
			);
			outputPaths = (
				"$(DERIVED_FILE_DIR)/Pods-avFoundation-checkManifestLockResult.txt",
			);
			runOnlyForDeploymentPostprocessing = 0;
			shellPath = /bin/sh;
			shellScript = "diff \"${PODS_PODFILE_DIR_PATH}/Podfile.lock\" \"${PODS_ROOT}/Manifest.lock\" > /dev/null\nif [ $? != 0 ] ; then\n    # print error to STDERR\n    echo \"error: The sandbox is not in sync with the Podfile.lock. Run 'pod install' or update your CocoaPods installation.\" >&2\n    exit 1\nfi\n# This output is used by Xcode 'outputs' to avoid re-running this script phase.\necho \"SUCCESS\" > \"${SCRIPT_OUTPUT_FILE_0}\"\n";
			showEnvVarsInLog = 0;
		};
/* End PBXShellScriptBuildPhase section */

/* Begin PBXSourcesBuildPhase section */
		75DE2F7B281BBB0400E5EB83 /* Sources */ = {
			isa = PBXSourcesBuildPhase;
			buildActionMask = 2147483647;
			files = (
				75DE2F9B281BC63800E5EB83 /* SnapKitController.swift in Sources */,
				75DE2F87281BBB0400E5EB83 /* ViewController.swift in Sources */,
				75DE2F83281BBB0400E5EB83 /* AppDelegate.swift in Sources */,
				7520F19B281F962200FCE8FB /* avFoundation.swift in Sources */,
				75DE2F85281BBB0400E5EB83 /* SceneDelegate.swift in Sources */,
			);
			runOnlyForDeploymentPostprocessing = 0;
		};
/* End PBXSourcesBuildPhase section */

/* Begin PBXVariantGroup section */
		75DE2F88281BBB0400E5EB83 /* Main.storyboard */ = {
			isa = PBXVariantGroup;
			children = (
				75DE2F89281BBB0400E5EB83 /* Base */,
			);
			name = Main.storyboard;
			sourceTree = "<group>";
		};
		75DE2F8D281BBB0500E5EB83 /* LaunchScreen.storyboard */ = {
			isa = PBXVariantGroup;
			children = (
				75DE2F8E281BBB0500E5EB83 /* Base */,
			);
			name = LaunchScreen.storyboard;
			sourceTree = "<group>";
		};
/* End PBXVariantGroup section */

/* Begin XCBuildConfiguration section */
		75DE2F91281BBB0500E5EB83 /* Debug */ = {
			isa = XCBuildConfiguration;
			buildSettings = {
				ALWAYS_SEARCH_USER_PATHS = NO;
				CLANG_ANALYZER_NONNULL = YES;
				CLANG_ANALYZER_NUMBER_OBJECT_CONVERSION = YES_AGGRESSIVE;
				CLANG_CXX_LANGUAGE_STANDARD = "gnu++17";
				CLANG_ENABLE_MODULES = YES;
				CLANG_ENABLE_OBJC_ARC = YES;
				CLANG_ENABLE_OBJC_WEAK = YES;
				CLANG_WARN_BLOCK_CAPTURE_AUTORELEASING = YES;
				CLANG_WARN_BOOL_CONVERSION = YES;
				CLANG_WARN_COMMA = YES;
				CLANG_WARN_CONSTANT_CONVERSION = YES;
				CLANG_WARN_DEPRECATED_OBJC_IMPLEMENTATIONS = YES;
				CLANG_WARN_DIRECT_OBJC_ISA_USAGE = YES_ERROR;
				CLANG_WARN_DOCUMENTATION_COMMENTS = YES;
				CLANG_WARN_EMPTY_BODY = YES;
				CLANG_WARN_ENUM_CONVERSION = YES;
				CLANG_WARN_INFINITE_RECURSION = YES;
				CLANG_WARN_INT_CONVERSION = YES;
				CLANG_WARN_NON_LITERAL_NULL_CONVERSION = YES;
				CLANG_WARN_OBJC_IMPLICIT_RETAIN_SELF = YES;
				CLANG_WARN_OBJC_LITERAL_CONVERSION = YES;
				CLANG_WARN_OBJC_ROOT_CLASS = YES_ERROR;
				CLANG_WARN_QUOTED_INCLUDE_IN_FRAMEWORK_HEADER = YES;
				CLANG_WARN_RANGE_LOOP_ANALYSIS = YES;
				CLANG_WARN_STRICT_PROTOTYPES = YES;
				CLANG_WARN_SUSPICIOUS_MOVE = YES;
				CLANG_WARN_UNGUARDED_AVAILABILITY = YES_AGGRESSIVE;
				CLANG_WARN_UNREACHABLE_CODE = YES;
				CLANG_WARN__DUPLICATE_METHOD_MATCH = YES;
				COPY_PHASE_STRIP = NO;
				DEBUG_INFORMATION_FORMAT = dwarf;
				ENABLE_STRICT_OBJC_MSGSEND = YES;
				ENABLE_TESTABILITY = YES;
				GCC_C_LANGUAGE_STANDARD = gnu11;
				GCC_DYNAMIC_NO_PIC = NO;
				GCC_NO_COMMON_BLOCKS = YES;
				GCC_OPTIMIZATION_LEVEL = 0;
				GCC_PREPROCESSOR_DEFINITIONS = (
					"DEBUG=1",
					"$(inherited)",
				);
				GCC_WARN_64_TO_32_BIT_CONVERSION = YES;
				GCC_WARN_ABOUT_RETURN_TYPE = YES_ERROR;
				GCC_WARN_UNDECLARED_SELECTOR = YES;
				GCC_WARN_UNINITIALIZED_AUTOS = YES_AGGRESSIVE;
				GCC_WARN_UNUSED_FUNCTION = YES;
				GCC_WARN_UNUSED_VARIABLE = YES;
				IPHONEOS_DEPLOYMENT_TARGET = 15.4;
				MTL_ENABLE_DEBUG_INFO = INCLUDE_SOURCE;
				MTL_FAST_MATH = YES;
				ONLY_ACTIVE_ARCH = YES;
				SDKROOT = iphoneos;
				SWIFT_ACTIVE_COMPILATION_CONDITIONS = DEBUG;
				SWIFT_OPTIMIZATION_LEVEL = "-Onone";
			};
			name = Debug;
		};
		75DE2F92281BBB0500E5EB83 /* Release */ = {
			isa = XCBuildConfiguration;
			buildSettings = {
				ALWAYS_SEARCH_USER_PATHS = NO;
				CLANG_ANALYZER_NONNULL = YES;
				CLANG_ANALYZER_NUMBER_OBJECT_CONVERSION = YES_AGGRESSIVE;
				CLANG_CXX_LANGUAGE_STANDARD = "gnu++17";
				CLANG_ENABLE_MODULES = YES;
				CLANG_ENABLE_OBJC_ARC = YES;
				CLANG_ENABLE_OBJC_WEAK = YES;
				CLANG_WARN_BLOCK_CAPTURE_AUTORELEASING = YES;
				CLANG_WARN_BOOL_CONVERSION = YES;
				CLANG_WARN_COMMA = YES;
				CLANG_WARN_CONSTANT_CONVERSION = YES;
				CLANG_WARN_DEPRECATED_OBJC_IMPLEMENTATIONS = YES;
				CLANG_WARN_DIRECT_OBJC_ISA_USAGE = YES_ERROR;
				CLANG_WARN_DOCUMENTATION_COMMENTS = YES;
				CLANG_WARN_EMPTY_BODY = YES;
				CLANG_WARN_ENUM_CONVERSION = YES;
				CLANG_WARN_INFINITE_RECURSION = YES;
				CLANG_WARN_INT_CONVERSION = YES;
				CLANG_WARN_NON_LITERAL_NULL_CONVERSION = YES;
				CLANG_WARN_OBJC_IMPLICIT_RETAIN_SELF = YES;
				CLANG_WARN_OBJC_LITERAL_CONVERSION = YES;
				CLANG_WARN_OBJC_ROOT_CLASS = YES_ERROR;
				CLANG_WARN_QUOTED_INCLUDE_IN_FRAMEWORK_HEADER = YES;
				CLANG_WARN_RANGE_LOOP_ANALYSIS = YES;
				CLANG_WARN_STRICT_PROTOTYPES = YES;
				CLANG_WARN_SUSPICIOUS_MOVE = YES;
				CLANG_WARN_UNGUARDED_AVAILABILITY = YES_AGGRESSIVE;
				CLANG_WARN_UNREACHABLE_CODE = YES;
				CLANG_WARN__DUPLICATE_METHOD_MATCH = YES;
				COPY_PHASE_STRIP = NO;
				DEBUG_INFORMATION_FORMAT = "dwarf-with-dsym";
				ENABLE_NS_ASSERTIONS = NO;
				ENABLE_STRICT_OBJC_MSGSEND = YES;
				GCC_C_LANGUAGE_STANDARD = gnu11;
				GCC_NO_COMMON_BLOCKS = YES;
				GCC_WARN_64_TO_32_BIT_CONVERSION = YES;
				GCC_WARN_ABOUT_RETURN_TYPE = YES_ERROR;
				GCC_WARN_UNDECLARED_SELECTOR = YES;
				GCC_WARN_UNINITIALIZED_AUTOS = YES_AGGRESSIVE;
				GCC_WARN_UNUSED_FUNCTION = YES;
				GCC_WARN_UNUSED_VARIABLE = YES;
				IPHONEOS_DEPLOYMENT_TARGET = 15.4;
				MTL_ENABLE_DEBUG_INFO = NO;
				MTL_FAST_MATH = YES;
				SDKROOT = iphoneos;
				SWIFT_COMPILATION_MODE = wholemodule;
				SWIFT_OPTIMIZATION_LEVEL = "-O";
				VALIDATE_PRODUCT = YES;
			};
			name = Release;
		};
		75DE2F94281BBB0500E5EB83 /* Debug */ = {
			isa = XCBuildConfiguration;
			baseConfigurationReference = 9F91463768197942874505DE /* Pods-avFoundation.debug.xcconfig */;
			buildSettings = {
				ASSETCATALOG_COMPILER_APPICON_NAME = AppIcon;
				ASSETCATALOG_COMPILER_GLOBAL_ACCENT_COLOR_NAME = AccentColor;
				CODE_SIGN_STYLE = Automatic;
				CURRENT_PROJECT_VERSION = 1;
				DEVELOPMENT_TEAM = 7N2TRX73U6;
				GENERATE_INFOPLIST_FILE = YES;
				INFOPLIST_FILE = avFoundation/Info.plist;
				INFOPLIST_KEY_UIApplicationSupportsIndirectInputEvents = YES;
				INFOPLIST_KEY_UILaunchStoryboardName = LaunchScreen;
				INFOPLIST_KEY_UIMainStoryboardFile = Main;
				INFOPLIST_KEY_UISupportedInterfaceOrientations_iPad = "UIInterfaceOrientationPortrait UIInterfaceOrientationPortraitUpsideDown UIInterfaceOrientationLandscapeLeft UIInterfaceOrientationLandscapeRight";
				INFOPLIST_KEY_UISupportedInterfaceOrientations_iPhone = "UIInterfaceOrientationPortrait UIInterfaceOrientationLandscapeLeft UIInterfaceOrientationLandscapeRight";
				LD_RUNPATH_SEARCH_PATHS = (
					"$(inherited)",
					"@executable_path/Frameworks",
				);
				MARKETING_VERSION = 1.0;
				PRODUCT_BUNDLE_IDENTIFIER = com.calmkeen.avFoundation;
				PRODUCT_NAME = "$(TARGET_NAME)";
				SWIFT_EMIT_LOC_STRINGS = YES;
				SWIFT_VERSION = 5.0;
				TARGETED_DEVICE_FAMILY = "1,2";
			};
			name = Debug;
		};
		75DE2F95281BBB0500E5EB83 /* Release */ = {
			isa = XCBuildConfiguration;
			baseConfigurationReference = E8A6C22FB71A28C7CB305133 /* Pods-avFoundation.release.xcconfig */;
			buildSettings = {
				ASSETCATALOG_COMPILER_APPICON_NAME = AppIcon;
				ASSETCATALOG_COMPILER_GLOBAL_ACCENT_COLOR_NAME = AccentColor;
				CODE_SIGN_STYLE = Automatic;
				CURRENT_PROJECT_VERSION = 1;
				DEVELOPMENT_TEAM = 7N2TRX73U6;
				GENERATE_INFOPLIST_FILE = YES;
				INFOPLIST_FILE = avFoundation/Info.plist;
				INFOPLIST_KEY_UIApplicationSupportsIndirectInputEvents = YES;
				INFOPLIST_KEY_UILaunchStoryboardName = LaunchScreen;
				INFOPLIST_KEY_UIMainStoryboardFile = Main;
				INFOPLIST_KEY_UISupportedInterfaceOrientations_iPad = "UIInterfaceOrientationPortrait UIInterfaceOrientationPortraitUpsideDown UIInterfaceOrientationLandscapeLeft UIInterfaceOrientationLandscapeRight";
				INFOPLIST_KEY_UISupportedInterfaceOrientations_iPhone = "UIInterfaceOrientationPortrait UIInterfaceOrientationLandscapeLeft UIInterfaceOrientationLandscapeRight";
				LD_RUNPATH_SEARCH_PATHS = (
					"$(inherited)",
					"@executable_path/Frameworks",
				);
				MARKETING_VERSION = 1.0;
				PRODUCT_BUNDLE_IDENTIFIER = com.calmkeen.avFoundation;
				PRODUCT_NAME = "$(TARGET_NAME)";
				SWIFT_EMIT_LOC_STRINGS = YES;
				SWIFT_VERSION = 5.0;
				TARGETED_DEVICE_FAMILY = "1,2";
			};
			name = Release;
		};
/* End XCBuildConfiguration section */

/* Begin XCConfigurationList section */
		75DE2F7A281BBB0400E5EB83 /* Build configuration list for PBXProject "avFoundation" */ = {
			isa = XCConfigurationList;
			buildConfigurations = (
				75DE2F91281BBB0500E5EB83 /* Debug */,
				75DE2F92281BBB0500E5EB83 /* Release */,
			);
			defaultConfigurationIsVisible = 0;
			defaultConfigurationName = Release;
		};
		75DE2F93281BBB0500E5EB83 /* Build configuration list for PBXNativeTarget "avFoundation" */ = {
			isa = XCConfigurationList;
			buildConfigurations = (
				75DE2F94281BBB0500E5EB83 /* Debug */,
				75DE2F95281BBB0500E5EB83 /* Release */,
			);
			defaultConfigurationIsVisible = 0;
			defaultConfigurationName = Release;
		};
/* End XCConfigurationList section */
	};
	rootObject = 75DE2F77281BBB0400E5EB83 /* Project object */;
}
